[root]
name = "ftp_server"
version = "0.1.0"
dependencies = [
 "argparse 0.2.1 (registry+https://github.com/rust-lang/crates.io-index)",
 "log 0.3.6 (registry+https://github.com/rust-lang/crates.io-index)",
]

[[package]]
name = "argparse"
version = "0.2.1"
source = "registry+https://github.com/rust-lang/crates.io-index"

[[package]]
name = "log"
version = "0.3.6"
source = "registry+https://github.com/rust-lang/crates.io-index"

[metadata]
"checksum argparse 0.2.1 (registry+https://github.com/rust-lang/crates.io-index)" = "37bb99f5e39ee8b23b6e227f5b8f024207e8616f44aa4b8c76ecd828011667ef"
"checksum log 0.3.6 (registry+https://github.com/rust-lang/crates.io-index)" = "ab83497bf8bf4ed2a74259c1c802351fcd67a65baa86394b6ba73c36f4838054"
